// !$*UTF8*$!
{
	archiveVersion = 1;
	classes = {
	};
	objectVersion = 56;
	objects = {

/* Begin PBXBuildFile section */
		170509CC29A74A0B00AAC4F1 /* Extension.swift in Sources */ = {isa = PBXBuildFile; fileRef = 170509CB29A74A0B00AAC4F1 /* Extension.swift */; };
		173BA61129A7F4B50001E947 /* RMCharacterViewCell.swift in Sources */ = {isa = PBXBuildFile; fileRef = 173BA61029A7F4B50001E947 /* RMCharacterViewCell.swift */; };
		173BA61329A7F73F0001E947 /* RMCharacterColletionViewCellViewModel.swift in Sources */ = {isa = PBXBuildFile; fileRef = 173BA61229A7F73F0001E947 /* RMCharacterColletionViewCellViewModel.swift */; };
		175522A229A4103300782A00 /* RMService.swift in Sources */ = {isa = PBXBuildFile; fileRef = 175522A129A4103300782A00 /* RMService.swift */; };
		175522A429A4104200782A00 /* RMRequest.swift in Sources */ = {isa = PBXBuildFile; fileRef = 175522A329A4104200782A00 /* RMRequest.swift */; };
		175522A629A411C200782A00 /* RMEndPoint.swift in Sources */ = {isa = PBXBuildFile; fileRef = 175522A529A411C200782A00 /* RMEndPoint.swift */; };
		1755562E29A6A28A0066192C /* RMCharcaterListView.swift in Sources */ = {isa = PBXBuildFile; fileRef = 1755562D29A6A28A0066192C /* RMCharcaterListView.swift */; };
		176CE89629A5F6F30033F28E /* RMGetAllCharactersResponse.swift in Sources */ = {isa = PBXBuildFile; fileRef = 176CE89529A5F6F30033F28E /* RMGetAllCharactersResponse.swift */; };
		176CE89829A601920033F28E /* RMCharacterListViewModel.swift in Sources */ = {isa = PBXBuildFile; fileRef = 176CE89729A601920033F28E /* RMCharacterListViewModel.swift */; };
		17D88EB129A422670056FDA8 /* RMOrigin.swift in Sources */ = {isa = PBXBuildFile; fileRef = 17D88EB029A422670056FDA8 /* RMOrigin.swift */; };
		17D88EB329A425E10056FDA8 /* RMCharacterGender.swift in Sources */ = {isa = PBXBuildFile; fileRef = 17D88EB229A425E10056FDA8 /* RMCharacterGender.swift */; };
		17DDC75529A42E7D005343E4 /* RMLocation.swift in Sources */ = {isa = PBXBuildFile; fileRef = 17DDC75429A42E7D005343E4 /* RMLocation.swift */; };
		17E837B829A0236100F72AA4 /* AppDelegate.swift in Sources */ = {isa = PBXBuildFile; fileRef = 17E837B729A0236100F72AA4 /* AppDelegate.swift */; };
		17E837BA29A0236100F72AA4 /* SceneDelegate.swift in Sources */ = {isa = PBXBuildFile; fileRef = 17E837B929A0236100F72AA4 /* SceneDelegate.swift */; };
		17E837BC29A0236100F72AA4 /* RMTabViewController.swift in Sources */ = {isa = PBXBuildFile; fileRef = 17E837BB29A0236100F72AA4 /* RMTabViewController.swift */; };
		17E837C129A0236200F72AA4 /* Assets.xcassets in Resources */ = {isa = PBXBuildFile; fileRef = 17E837C029A0236200F72AA4 /* Assets.xcassets */; };
		17E837C429A0236200F72AA4 /* LaunchScreen.storyboard in Resources */ = {isa = PBXBuildFile; fileRef = 17E837C229A0236200F72AA4 /* LaunchScreen.storyboard */; };
		17E837D229A027AD00F72AA4 /* RMSingleLocation.swift in Sources */ = {isa = PBXBuildFile; fileRef = 17E837D129A027AD00F72AA4 /* RMSingleLocation.swift */; };
		17E837D429A027C400F72AA4 /* RMCharacter.swift in Sources */ = {isa = PBXBuildFile; fileRef = 17E837D329A027C400F72AA4 /* RMCharacter.swift */; };
		17E837D629A027D300F72AA4 /* RMEpisode.swift in Sources */ = {isa = PBXBuildFile; fileRef = 17E837D529A027D300F72AA4 /* RMEpisode.swift */; };
		17E837D929A0287600F72AA4 /* RMCharacterViewController.swift in Sources */ = {isa = PBXBuildFile; fileRef = 17E837D829A0287600F72AA4 /* RMCharacterViewController.swift */; };
		17E837DB29A028FB00F72AA4 /* RMLocationViewController.swift in Sources */ = {isa = PBXBuildFile; fileRef = 17E837DA29A028FB00F72AA4 /* RMLocationViewController.swift */; };
		17E837DD29A0292D00F72AA4 /* RMEpisodeViewController.swift in Sources */ = {isa = PBXBuildFile; fileRef = 17E837DC29A0292D00F72AA4 /* RMEpisodeViewController.swift */; };
		17E837DF29A0294200F72AA4 /* RMsettingViewController.swift in Sources */ = {isa = PBXBuildFile; fileRef = 17E837DE29A0294200F72AA4 /* RMsettingViewController.swift */; };
/* End PBXBuildFile section */

/* Begin PBXFileReference section */
		170509CB29A74A0B00AAC4F1 /* Extension.swift */ = {isa = PBXFileReference; lastKnownFileType = sourcecode.swift; path = Extension.swift; sourceTree = "<group>"; };
		173BA61029A7F4B50001E947 /* RMCharacterViewCell.swift */ = {isa = PBXFileReference; lastKnownFileType = sourcecode.swift; path = RMCharacterViewCell.swift; sourceTree = "<group>"; };
		173BA61229A7F73F0001E947 /* RMCharacterColletionViewCellViewModel.swift */ = {isa = PBXFileReference; lastKnownFileType = sourcecode.swift; path = RMCharacterColletionViewCellViewModel.swift; sourceTree = "<group>"; };
		175522A129A4103300782A00 /* RMService.swift */ = {isa = PBXFileReference; lastKnownFileType = sourcecode.swift; path = RMService.swift; sourceTree = "<group>"; };
		175522A329A4104200782A00 /* RMRequest.swift */ = {isa = PBXFileReference; lastKnownFileType = sourcecode.swift; path = RMRequest.swift; sourceTree = "<group>"; };
		175522A529A411C200782A00 /* RMEndPoint.swift */ = {isa = PBXFileReference; lastKnownFileType = sourcecode.swift; path = RMEndPoint.swift; sourceTree = "<group>"; };
		1755562D29A6A28A0066192C /* RMCharcaterListView.swift */ = {isa = PBXFileReference; lastKnownFileType = sourcecode.swift; path = RMCharcaterListView.swift; sourceTree = "<group>"; };
		176CE89529A5F6F30033F28E /* RMGetAllCharactersResponse.swift */ = {isa = PBXFileReference; lastKnownFileType = sourcecode.swift; path = RMGetAllCharactersResponse.swift; sourceTree = "<group>"; };
		176CE89729A601920033F28E /* RMCharacterListViewModel.swift */ = {isa = PBXFileReference; lastKnownFileType = sourcecode.swift; path = RMCharacterListViewModel.swift; sourceTree = "<group>"; };
		17D88EB029A422670056FDA8 /* RMOrigin.swift */ = {isa = PBXFileReference; lastKnownFileType = sourcecode.swift; path = RMOrigin.swift; sourceTree = "<group>"; };
		17D88EB229A425E10056FDA8 /* RMCharacterGender.swift */ = {isa = PBXFileReference; lastKnownFileType = sourcecode.swift; path = RMCharacterGender.swift; sourceTree = "<group>"; };
		17DDC75429A42E7D005343E4 /* RMLocation.swift */ = {isa = PBXFileReference; lastKnownFileType = sourcecode.swift; path = RMLocation.swift; sourceTree = "<group>"; };
		17E837B429A0236100F72AA4 /* RickAndMortyApp.app */ = {isa = PBXFileReference; explicitFileType = wrapper.application; includeInIndex = 0; path = RickAndMortyApp.app; sourceTree = BUILT_PRODUCTS_DIR; };
		17E837B729A0236100F72AA4 /* AppDelegate.swift */ = {isa = PBXFileReference; lastKnownFileType = sourcecode.swift; path = AppDelegate.swift; sourceTree = "<group>"; };
		17E837B929A0236100F72AA4 /* SceneDelegate.swift */ = {isa = PBXFileReference; lastKnownFileType = sourcecode.swift; path = SceneDelegate.swift; sourceTree = "<group>"; };
		17E837BB29A0236100F72AA4 /* RMTabViewController.swift */ = {isa = PBXFileReference; lastKnownFileType = sourcecode.swift; path = RMTabViewController.swift; sourceTree = "<group>"; };
		17E837C029A0236200F72AA4 /* Assets.xcassets */ = {isa = PBXFileReference; lastKnownFileType = folder.assetcatalog; path = Assets.xcassets; sourceTree = "<group>"; };
		17E837C329A0236200F72AA4 /* Base */ = {isa = PBXFileReference; lastKnownFileType = file.storyboard; name = Base; path = Base.lproj/LaunchScreen.storyboard; sourceTree = "<group>"; };
		17E837C529A0236200F72AA4 /* Info.plist */ = {isa = PBXFileReference; lastKnownFileType = text.plist.xml; path = Info.plist; sourceTree = "<group>"; };
		17E837D129A027AD00F72AA4 /* RMSingleLocation.swift */ = {isa = PBXFileReference; lastKnownFileType = sourcecode.swift; path = RMSingleLocation.swift; sourceTree = "<group>"; };
		17E837D329A027C400F72AA4 /* RMCharacter.swift */ = {isa = PBXFileReference; lastKnownFileType = sourcecode.swift; path = RMCharacter.swift; sourceTree = "<group>"; };
		17E837D529A027D300F72AA4 /* RMEpisode.swift */ = {isa = PBXFileReference; lastKnownFileType = sourcecode.swift; path = RMEpisode.swift; sourceTree = "<group>"; };
		17E837D829A0287600F72AA4 /* RMCharacterViewController.swift */ = {isa = PBXFileReference; lastKnownFileType = sourcecode.swift; path = RMCharacterViewController.swift; sourceTree = "<group>"; };
		17E837DA29A028FB00F72AA4 /* RMLocationViewController.swift */ = {isa = PBXFileReference; lastKnownFileType = sourcecode.swift; path = RMLocationViewController.swift; sourceTree = "<group>"; };
		17E837DC29A0292D00F72AA4 /* RMEpisodeViewController.swift */ = {isa = PBXFileReference; lastKnownFileType = sourcecode.swift; path = RMEpisodeViewController.swift; sourceTree = "<group>"; };
		17E837DE29A0294200F72AA4 /* RMsettingViewController.swift */ = {isa = PBXFileReference; lastKnownFileType = sourcecode.swift; path = RMsettingViewController.swift; sourceTree = "<group>"; };
/* End PBXFileReference section */

/* Begin PBXFrameworksBuildPhase section */
		17E837B129A0236100F72AA4 /* Frameworks */ = {
			isa = PBXFrameworksBuildPhase;
			buildActionMask = 2147483647;
			files = (
			);
			runOnlyForDeploymentPostprocessing = 0;
		};
/* End PBXFrameworksBuildPhase section */

/* Begin PBXGroup section */
		176CE89329A5F6A30033F28E /* DataTypes */ = {
			isa = PBXGroup;
			children = (
				17E837D129A027AD00F72AA4 /* RMSingleLocation.swift */,
				17E837D329A027C400F72AA4 /* RMCharacter.swift */,
				17E837D529A027D300F72AA4 /* RMEpisode.swift */,
				17D88EB029A422670056FDA8 /* RMOrigin.swift */,
				17D88EB229A425E10056FDA8 /* RMCharacterGender.swift */,
				17DDC75429A42E7D005343E4 /* RMLocation.swift */,
			);
			path = DataTypes;
			sourceTree = "<group>";
		};
		176CE89429A5F6B40033F28E /* ApiResponseType */ = {
			isa = PBXGroup;
			children = (
				176CE89529A5F6F30033F28E /* RMGetAllCharactersResponse.swift */,
			);
			path = ApiResponseType;
			sourceTree = "<group>";
		};
		176CE89929A606B20033F28E /* View */ = {
			isa = PBXGroup;
			children = (
				1755562D29A6A28A0066192C /* RMCharcaterListView.swift */,
				173BA61029A7F4B50001E947 /* RMCharacterViewCell.swift */,
			);
			path = View;
			sourceTree = "<group>";
		};
		17E837AB29A0236100F72AA4 = {
			isa = PBXGroup;
			children = (
				17E837B629A0236100F72AA4 /* RickAndMortyApp */,
				17E837B529A0236100F72AA4 /* Products */,
			);
			sourceTree = "<group>";
		};
		17E837B529A0236100F72AA4 /* Products */ = {
			isa = PBXGroup;
			children = (
				17E837B429A0236100F72AA4 /* RickAndMortyApp.app */,
			);
			name = Products;
			sourceTree = "<group>";
		};
		17E837B629A0236100F72AA4 /* RickAndMortyApp */ = {
			isa = PBXGroup;
			children = (
				17E837D029A0270D00F72AA4 /* Resurces */,
				17E837CF29A026FA00F72AA4 /* ApiClient */,
				17E837CE29A026CA00F72AA4 /* Manager */,
				17E837CD29A026C100F72AA4 /* ViewModel */,
				176CE89929A606B20033F28E /* View */,
				17E837CC29A026BE00F72AA4 /* Model */,
				17E837CB29A026B400F72AA4 /* Controllers */,
				17E837C529A0236200F72AA4 /* Info.plist */,
			);
			path = RickAndMortyApp;
			sourceTree = "<group>";
		};
		17E837CB29A026B400F72AA4 /* Controllers */ = {
			isa = PBXGroup;
			children = (
				17E837D729A0285900F72AA4 /* Core */,
				17E837BB29A0236100F72AA4 /* RMTabViewController.swift */,
			);
			path = Controllers;
			sourceTree = "<group>";
		};
		17E837CC29A026BE00F72AA4 /* Model */ = {
			isa = PBXGroup;
			children = (
				176CE89429A5F6B40033F28E /* ApiResponseType */,
				176CE89329A5F6A30033F28E /* DataTypes */,
			);
			path = Model;
			sourceTree = "<group>";
		};
		17E837CD29A026C100F72AA4 /* ViewModel */ = {
			isa = PBXGroup;
			children = (
				176CE89729A601920033F28E /* RMCharacterListViewModel.swift */,
				173BA61229A7F73F0001E947 /* RMCharacterColletionViewCellViewModel.swift */,
			);
			path = ViewModel;
			sourceTree = "<group>";
		};
		17E837CE29A026CA00F72AA4 /* Manager */ = {
			isa = PBXGroup;
			children = (
			);
			path = Manager;
			sourceTree = "<group>";
		};
		17E837CF29A026FA00F72AA4 /* ApiClient */ = {
			isa = PBXGroup;
			children = (
				175522A129A4103300782A00 /* RMService.swift */,
				175522A329A4104200782A00 /* RMRequest.swift */,
				175522A529A411C200782A00 /* RMEndPoint.swift */,
			);
			path = ApiClient;
			sourceTree = "<group>";
		};
		17E837D029A0270D00F72AA4 /* Resurces */ = {
			isa = PBXGroup;
			children = (
				17E837C029A0236200F72AA4 /* Assets.xcassets */,
				17E837C229A0236200F72AA4 /* LaunchScreen.storyboard */,
				17E837B729A0236100F72AA4 /* AppDelegate.swift */,
				17E837B929A0236100F72AA4 /* SceneDelegate.swift */,
				170509CB29A74A0B00AAC4F1 /* Extension.swift */,
			);
			name = Resurces;
			sourceTree = "<group>";
		};
		17E837D729A0285900F72AA4 /* Core */ = {
			isa = PBXGroup;
			children = (
				17E837D829A0287600F72AA4 /* RMCharacterViewController.swift */,
				17E837DA29A028FB00F72AA4 /* RMLocationViewController.swift */,
				17E837DC29A0292D00F72AA4 /* RMEpisodeViewController.swift */,
				17E837DE29A0294200F72AA4 /* RMsettingViewController.swift */,
			);
			path = Core;
			sourceTree = "<group>";
		};
/* End PBXGroup section */

/* Begin PBXNativeTarget section */
		17E837B329A0236100F72AA4 /* RickAndMortyApp */ = {
			isa = PBXNativeTarget;
			buildConfigurationList = 17E837C829A0236200F72AA4 /* Build configuration list for PBXNativeTarget "RickAndMortyApp" */;
			buildPhases = (
				17E837B029A0236100F72AA4 /* Sources */,
				17E837B129A0236100F72AA4 /* Frameworks */,
				17E837B229A0236100F72AA4 /* Resources */,
			);
			buildRules = (
			);
			dependencies = (
			);
			name = RickAndMortyApp;
			productName = RickAndMortyApp;
			productReference = 17E837B429A0236100F72AA4 /* RickAndMortyApp.app */;
			productType = "com.apple.product-type.application";
		};
/* End PBXNativeTarget section */

/* Begin PBXProject section */
		17E837AC29A0236100F72AA4 /* Project object */ = {
			isa = PBXProject;
			attributes = {
				BuildIndependentTargetsInParallel = 1;
				LastSwiftUpdateCheck = 1420;
				LastUpgradeCheck = 1420;
				TargetAttributes = {
					17E837B329A0236100F72AA4 = {
						CreatedOnToolsVersion = 14.2;
					};
				};
			};
			buildConfigurationList = 17E837AF29A0236100F72AA4 /* Build configuration list for PBXProject "RickAndMortyApp" */;
			compatibilityVersion = "Xcode 14.0";
			developmentRegion = en;
			hasScannedForEncodings = 0;
			knownRegions = (
				en,
				Base,
			);
			mainGroup = 17E837AB29A0236100F72AA4;
			productRefGroup = 17E837B529A0236100F72AA4 /* Products */;
			projectDirPath = "";
			projectRoot = "";
			targets = (
				17E837B329A0236100F72AA4 /* RickAndMortyApp */,
			);
		};
/* End PBXProject section */

/* Begin PBXResourcesBuildPhase section */
		17E837B229A0236100F72AA4 /* Resources */ = {
			isa = PBXResourcesBuildPhase;
			buildActionMask = 2147483647;
			files = (
				17E837C429A0236200F72AA4 /* LaunchScreen.storyboard in Resources */,
				17E837C129A0236200F72AA4 /* Assets.xcassets in Resources */,
			);
			runOnlyForDeploymentPostprocessing = 0;
		};
/* End PBXResourcesBuildPhase section */

/* Begin PBXSourcesBuildPhase section */
		17E837B029A0236100F72AA4 /* Sources */ = {
			isa = PBXSourcesBuildPhase;
			buildActionMask = 2147483647;
			files = (
				17D88EB129A422670056FDA8 /* RMOrigin.swift in Sources */,
				17E837DB29A028FB00F72AA4 /* RMLocationViewController.swift in Sources */,
				173BA61329A7F73F0001E947 /* RMCharacterColletionViewCellViewModel.swift in Sources */,
				17E837D629A027D300F72AA4 /* RMEpisode.swift in Sources */,
				17DDC75529A42E7D005343E4 /* RMLocation.swift in Sources */,
				1755562E29A6A28A0066192C /* RMCharcaterListView.swift in Sources */,
				17E837DD29A0292D00F72AA4 /* RMEpisodeViewController.swift in Sources */,
				17E837D429A027C400F72AA4 /* RMCharacter.swift in Sources */,
				17E837BC29A0236100F72AA4 /* RMTabViewController.swift in Sources */,
				17E837B829A0236100F72AA4 /* AppDelegate.swift in Sources */,
				17E837DF29A0294200F72AA4 /* RMsettingViewController.swift in Sources */,
				175522A629A411C200782A00 /* RMEndPoint.swift in Sources */,
				175522A229A4103300782A00 /* RMService.swift in Sources */,
				17E837BA29A0236100F72AA4 /* SceneDelegate.swift in Sources */,
				173BA61129A7F4B50001E947 /* RMCharacterViewCell.swift in Sources */,
				17D88EB329A425E10056FDA8 /* RMCharacterGender.swift in Sources */,
				176CE89629A5F6F30033F28E /* RMGetAllCharactersResponse.swift in Sources */,
				170509CC29A74A0B00AAC4F1 /* Extension.swift in Sources */,
				17E837D229A027AD00F72AA4 /* RMSingleLocation.swift in Sources */,
				175522A429A4104200782A00 /* RMRequest.swift in Sources */,
				17E837D929A0287600F72AA4 /* RMCharacterViewController.swift in Sources */,
				176CE89829A601920033F28E /* RMCharacterListViewModel.swift in Sources */,
			);
			runOnlyForDeploymentPostprocessing = 0;
		};
/* End PBXSourcesBuildPhase section */

/* Begin PBXVariantGroup section */
		17E837C229A0236200F72AA4 /* LaunchScreen.storyboard */ = {
			isa = PBXVariantGroup;
			children = (
				17E837C329A0236200F72AA4 /* Base */,
			);
			name = LaunchScreen.storyboard;
			sourceTree = "<group>";
		};
/* End PBXVariantGroup section */

/* Begin XCBuildConfiguration section */
		17E837C629A0236200F72AA4 /* Debug */ = {
			isa = XCBuildConfiguration;
			buildSettings = {
				ALWAYS_SEARCH_USER_PATHS = NO;
				CLANG_ANALYZER_NONNULL = YES;
				CLANG_ANALYZER_NUMBER_OBJECT_CONVERSION = YES_AGGRESSIVE;
				CLANG_CXX_LANGUAGE_STANDARD = "gnu++20";
				CLANG_ENABLE_MODULES = YES;
				CLANG_ENABLE_OBJC_ARC = YES;
				CLANG_ENABLE_OBJC_WEAK = YES;
				CLANG_WARN_BLOCK_CAPTURE_AUTORELEASING = YES;
				CLANG_WARN_BOOL_CONVERSION = YES;
				CLANG_WARN_COMMA = YES;
				CLANG_WARN_CONSTANT_CONVERSION = YES;
				CLANG_WARN_DEPRECATED_OBJC_IMPLEMENTATIONS = YES;
				CLANG_WARN_DIRECT_OBJC_ISA_USAGE = YES_ERROR;
				CLANG_WARN_DOCUMENTATION_COMMENTS = YES;
				CLANG_WARN_EMPTY_BODY = YES;
				CLANG_WARN_ENUM_CONVERSION = YES;
				CLANG_WARN_INFINITE_RECURSION = YES;
				CLANG_WARN_INT_CONVERSION = YES;
				CLANG_WARN_NON_LITERAL_NULL_CONVERSION = YES;
				CLANG_WARN_OBJC_IMPLICIT_RETAIN_SELF = YES;
				CLANG_WARN_OBJC_LITERAL_CONVERSION = YES;
				CLANG_WARN_OBJC_ROOT_CLASS = YES_ERROR;
				CLANG_WARN_QUOTED_INCLUDE_IN_FRAMEWORK_HEADER = YES;
				CLANG_WARN_RANGE_LOOP_ANALYSIS = YES;
				CLANG_WARN_STRICT_PROTOTYPES = YES;
				CLANG_WARN_SUSPICIOUS_MOVE = YES;
				CLANG_WARN_UNGUARDED_AVAILABILITY = YES_AGGRESSIVE;
				CLANG_WARN_UNREACHABLE_CODE = YES;
				CLANG_WARN__DUPLICATE_METHOD_MATCH = YES;
				COPY_PHASE_STRIP = NO;
				DEBUG_INFORMATION_FORMAT = dwarf;
				ENABLE_STRICT_OBJC_MSGSEND = YES;
				ENABLE_TESTABILITY = YES;
				GCC_C_LANGUAGE_STANDARD = gnu11;
				GCC_DYNAMIC_NO_PIC = NO;
				GCC_NO_COMMON_BLOCKS = YES;
				GCC_OPTIMIZATION_LEVEL = 0;
				GCC_PREPROCESSOR_DEFINITIONS = (
					"DEBUG=1",
					"$(inherited)",
				);
				GCC_WARN_64_TO_32_BIT_CONVERSION = YES;
				GCC_WARN_ABOUT_RETURN_TYPE = YES_ERROR;
				GCC_WARN_UNDECLARED_SELECTOR = YES;
				GCC_WARN_UNINITIALIZED_AUTOS = YES_AGGRESSIVE;
				GCC_WARN_UNUSED_FUNCTION = YES;
				GCC_WARN_UNUSED_VARIABLE = YES;
				IPHONEOS_DEPLOYMENT_TARGET = 16.2;
				MTL_ENABLE_DEBUG_INFO = INCLUDE_SOURCE;
				MTL_FAST_MATH = YES;
				ONLY_ACTIVE_ARCH = YES;
				SDKROOT = iphoneos;
				SWIFT_ACTIVE_COMPILATION_CONDITIONS = DEBUG;
				SWIFT_OPTIMIZATION_LEVEL = "-Onone";
			};
			name = Debug;
		};
		17E837C729A0236200F72AA4 /* Release */ = {
			isa = XCBuildConfiguration;
			buildSettings = {
				ALWAYS_SEARCH_USER_PATHS = NO;
				CLANG_ANALYZER_NONNULL = YES;
				CLANG_ANALYZER_NUMBER_OBJECT_CONVERSION = YES_AGGRESSIVE;
				CLANG_CXX_LANGUAGE_STANDARD = "gnu++20";
				CLANG_ENABLE_MODULES = YES;
				CLANG_ENABLE_OBJC_ARC = YES;
				CLANG_ENABLE_OBJC_WEAK = YES;
				CLANG_WARN_BLOCK_CAPTURE_AUTORELEASING = YES;
				CLANG_WARN_BOOL_CONVERSION = YES;
				CLANG_WARN_COMMA = YES;
				CLANG_WARN_CONSTANT_CONVERSION = YES;
				CLANG_WARN_DEPRECATED_OBJC_IMPLEMENTATIONS = YES;
				CLANG_WARN_DIRECT_OBJC_ISA_USAGE = YES_ERROR;
				CLANG_WARN_DOCUMENTATION_COMMENTS = YES;
				CLANG_WARN_EMPTY_BODY = YES;
				CLANG_WARN_ENUM_CONVERSION = YES;
				CLANG_WARN_INFINITE_RECURSION = YES;
				CLANG_WARN_INT_CONVERSION = YES;
				CLANG_WARN_NON_LITERAL_NULL_CONVERSION = YES;
				CLANG_WARN_OBJC_IMPLICIT_RETAIN_SELF = YES;
				CLANG_WARN_OBJC_LITERAL_CONVERSION = YES;
				CLANG_WARN_OBJC_ROOT_CLASS = YES_ERROR;
				CLANG_WARN_QUOTED_INCLUDE_IN_FRAMEWORK_HEADER = YES;
				CLANG_WARN_RANGE_LOOP_ANALYSIS = YES;
				CLANG_WARN_STRICT_PROTOTYPES = YES;
				CLANG_WARN_SUSPICIOUS_MOVE = YES;
				CLANG_WARN_UNGUARDED_AVAILABILITY = YES_AGGRESSIVE;
				CLANG_WARN_UNREACHABLE_CODE = YES;
				CLANG_WARN__DUPLICATE_METHOD_MATCH = YES;
				COPY_PHASE_STRIP = NO;
				DEBUG_INFORMATION_FORMAT = "dwarf-with-dsym";
				ENABLE_NS_ASSERTIONS = NO;
				ENABLE_STRICT_OBJC_MSGSEND = YES;
				GCC_C_LANGUAGE_STANDARD = gnu11;
				GCC_NO_COMMON_BLOCKS = YES;
				GCC_WARN_64_TO_32_BIT_CONVERSION = YES;
				GCC_WARN_ABOUT_RETURN_TYPE = YES_ERROR;
				GCC_WARN_UNDECLARED_SELECTOR = YES;
				GCC_WARN_UNINITIALIZED_AUTOS = YES_AGGRESSIVE;
				GCC_WARN_UNUSED_FUNCTION = YES;
				GCC_WARN_UNUSED_VARIABLE = YES;
				IPHONEOS_DEPLOYMENT_TARGET = 16.2;
				MTL_ENABLE_DEBUG_INFO = NO;
				MTL_FAST_MATH = YES;
				SDKROOT = iphoneos;
				SWIFT_COMPILATION_MODE = wholemodule;
				SWIFT_OPTIMIZATION_LEVEL = "-O";
				VALIDATE_PRODUCT = YES;
			};
			name = Release;
		};
		17E837C929A0236200F72AA4 /* Debug */ = {
			isa = XCBuildConfiguration;
			buildSettings = {
				ASSETCATALOG_COMPILER_APPICON_NAME = AppIcon;
				ASSETCATALOG_COMPILER_GLOBAL_ACCENT_COLOR_NAME = AccentColor;
				CODE_SIGN_STYLE = Automatic;
				CURRENT_PROJECT_VERSION = 1;
				GENERATE_INFOPLIST_FILE = YES;
				INFOPLIST_FILE = RickAndMortyApp/Info.plist;
				INFOPLIST_KEY_UIApplicationSupportsIndirectInputEvents = YES;
				INFOPLIST_KEY_UILaunchStoryboardName = LaunchScreen;
				INFOPLIST_KEY_UISupportedInterfaceOrientations_iPad = "UIInterfaceOrientationPortrait UIInterfaceOrientationPortraitUpsideDown UIInterfaceOrientationLandscapeLeft UIInterfaceOrientationLandscapeRight";
				INFOPLIST_KEY_UISupportedInterfaceOrientations_iPhone = "UIInterfaceOrientationPortrait UIInterfaceOrientationLandscapeLeft UIInterfaceOrientationLandscapeRight";
				LD_RUNPATH_SEARCH_PATHS = (
					"$(inherited)",
					"@executable_path/Frameworks",
				);
				MARKETING_VERSION = 1.0;
				PRODUCT_BUNDLE_IDENTIFIER = RickAndMortyApp.RickAndMortyApp;
				PRODUCT_NAME = "$(TARGET_NAME)";
				SWIFT_EMIT_LOC_STRINGS = YES;
				SWIFT_VERSION = 5.0;
				TARGETED_DEVICE_FAMILY = "1,2";
			};
			name = Debug;
		};
		17E837CA29A0236200F72AA4 /* Release */ = {
			isa = XCBuildConfiguration;
			buildSettings = {
				ASSETCATALOG_COMPILER_APPICON_NAME = AppIcon;
				ASSETCATALOG_COMPILER_GLOBAL_ACCENT_COLOR_NAME = AccentColor;
				CODE_SIGN_STYLE = Automatic;
				CURRENT_PROJECT_VERSION = 1;
				GENERATE_INFOPLIST_FILE = YES;
				INFOPLIST_FILE = RickAndMortyApp/Info.plist;
				INFOPLIST_KEY_UIApplicationSupportsIndirectInputEvents = YES;
				INFOPLIST_KEY_UILaunchStoryboardName = LaunchScreen;
				INFOPLIST_KEY_UISupportedInterfaceOrientations_iPad = "UIInterfaceOrientationPortrait UIInterfaceOrientationPortraitUpsideDown UIInterfaceOrientationLandscapeLeft UIInterfaceOrientationLandscapeRight";
				INFOPLIST_KEY_UISupportedInterfaceOrientations_iPhone = "UIInterfaceOrientationPortrait UIInterfaceOrientationLandscapeLeft UIInterfaceOrientationLandscapeRight";
				LD_RUNPATH_SEARCH_PATHS = (
					"$(inherited)",
					"@executable_path/Frameworks",
				);
				MARKETING_VERSION = 1.0;
				PRODUCT_BUNDLE_IDENTIFIER = RickAndMortyApp.RickAndMortyApp;
				PRODUCT_NAME = "$(TARGET_NAME)";
				SWIFT_EMIT_LOC_STRINGS = YES;
				SWIFT_VERSION = 5.0;
				TARGETED_DEVICE_FAMILY = "1,2";
			};
			name = Release;
		};
/* End XCBuildConfiguration section */

/* Begin XCConfigurationList section */
		17E837AF29A0236100F72AA4 /* Build configuration list for PBXProject "RickAndMortyApp" */ = {
			isa = XCConfigurationList;
			buildConfigurations = (
				17E837C629A0236200F72AA4 /* Debug */,
				17E837C729A0236200F72AA4 /* Release */,
			);
			defaultConfigurationIsVisible = 0;
			defaultConfigurationName = Release;
		};
		17E837C829A0236200F72AA4 /* Build configuration list for PBXNativeTarget "RickAndMortyApp" */ = {
			isa = XCConfigurationList;
			buildConfigurations = (
				17E837C929A0236200F72AA4 /* Debug */,
				17E837CA29A0236200F72AA4 /* Release */,
			);
			defaultConfigurationIsVisible = 0;
			defaultConfigurationName = Release;
		};
/* End XCConfigurationList section */
	};
	rootObject = 17E837AC29A0236100F72AA4 /* Project object */;
}
