// !$*UTF8*$!
{
	archiveVersion = 1;
	classes = {
	};
	objectVersion = 56;
	objects = {

/* Begin PBXBuildFile section */
		17E923AF2982B56A008B2520 /* AppDelegate.swift in Sources */ = {isa = PBXBuildFile; fileRef = 17E923AE2982B56A008B2520 /* AppDelegate.swift */; };
		17E923B12982B56A008B2520 /* SceneDelegate.swift in Sources */ = {isa = PBXBuildFile; fileRef = 17E923B02982B56A008B2520 /* SceneDelegate.swift */; };
		17E923B32982B56A008B2520 /* RMTabViewController.swift in Sources */ = {isa = PBXBuildFile; fileRef = 17E923B22982B56A008B2520 /* RMTabViewController.swift */; };
		17E923B82982B56B008B2520 /* Assets.xcassets in Resources */ = {isa = PBXBuildFile; fileRef = 17E923B72982B56B008B2520 /* Assets.xcassets */; };
		17E923BB2982B56B008B2520 /* LaunchScreen.storyboard in Resources */ = {isa = PBXBuildFile; fileRef = 17E923B92982B56B008B2520 /* LaunchScreen.storyboard */; };
		17E923CA2982BA13008B2520 /* RMLocation.swift in Sources */ = {isa = PBXBuildFile; fileRef = 17E923C92982BA13008B2520 /* RMLocation.swift */; };
		17E923CC2982BA23008B2520 /* RMCharacter.swift in Sources */ = {isa = PBXBuildFile; fileRef = 17E923CB2982BA23008B2520 /* RMCharacter.swift */; };
		17E923CE2982BA32008B2520 /* RMEpisode.swift in Sources */ = {isa = PBXBuildFile; fileRef = 17E923CD2982BA32008B2520 /* RMEpisode.swift */; };
		17E923D12982BAE4008B2520 /* RMCharacterViewController.swift in Sources */ = {isa = PBXBuildFile; fileRef = 17E923D02982BAE4008B2520 /* RMCharacterViewController.swift */; };
		17E923D32982BC1F008B2520 /* RMLocationViewController.swift in Sources */ = {isa = PBXBuildFile; fileRef = 17E923D22982BC1F008B2520 /* RMLocationViewController.swift */; };
		17E923D52982BC76008B2520 /* RMEpisodeViewController.swift in Sources */ = {isa = PBXBuildFile; fileRef = 17E923D42982BC76008B2520 /* RMEpisodeViewController.swift */; };
		17E923D72982BCBB008B2520 /* RMSettingViewController.swift in Sources */ = {isa = PBXBuildFile; fileRef = 17E923D62982BCBB008B2520 /* RMSettingViewController.swift */; };
		17E923D929830BD7008B2520 /* RMService.swift in Sources */ = {isa = PBXBuildFile; fileRef = 17E923D829830BD7008B2520 /* RMService.swift */; };
		17E923DB29830BF7008B2520 /* RMRequest.swift in Sources */ = {isa = PBXBuildFile; fileRef = 17E923DA29830BF7008B2520 /* RMRequest.swift */; };
		17E923DD29830D40008B2520 /* RMEndPoint.swift in Sources */ = {isa = PBXBuildFile; fileRef = 17E923DC29830D40008B2520 /* RMEndPoint.swift */; };
		17E923DF2983229F008B2520 /* RMOrgin.swift in Sources */ = {isa = PBXBuildFile; fileRef = 17E923DE2983229F008B2520 /* RMOrgin.swift */; };
		17E923E12983232A008B2520 /* RMSingleLocation.swift in Sources */ = {isa = PBXBuildFile; fileRef = 17E923E02983232A008B2520 /* RMSingleLocation.swift */; };
		17E923E3298325FB008B2520 /* RMCharacterStatus.swift in Sources */ = {isa = PBXBuildFile; fileRef = 17E923E2298325FB008B2520 /* RMCharacterStatus.swift */; };
		17E923E529832650008B2520 /* RMCharacterGender.swift in Sources */ = {isa = PBXBuildFile; fileRef = 17E923E429832650008B2520 /* RMCharacterGender.swift */; };
/* End PBXBuildFile section */

/* Begin PBXFileReference section */
		17E923AB2982B56A008B2520 /* RickAndMorty.app */ = {isa = PBXFileReference; explicitFileType = wrapper.application; includeInIndex = 0; path = RickAndMorty.app; sourceTree = BUILT_PRODUCTS_DIR; };
		17E923AE2982B56A008B2520 /* AppDelegate.swift */ = {isa = PBXFileReference; lastKnownFileType = sourcecode.swift; path = AppDelegate.swift; sourceTree = "<group>"; };
		17E923B02982B56A008B2520 /* SceneDelegate.swift */ = {isa = PBXFileReference; lastKnownFileType = sourcecode.swift; path = SceneDelegate.swift; sourceTree = "<group>"; };
		17E923B22982B56A008B2520 /* RMTabViewController.swift */ = {isa = PBXFileReference; lastKnownFileType = sourcecode.swift; path = RMTabViewController.swift; sourceTree = "<group>"; };
		17E923B72982B56B008B2520 /* Assets.xcassets */ = {isa = PBXFileReference; lastKnownFileType = folder.assetcatalog; path = Assets.xcassets; sourceTree = "<group>"; };
		17E923BA2982B56B008B2520 /* Base */ = {isa = PBXFileReference; lastKnownFileType = file.storyboard; name = Base; path = Base.lproj/LaunchScreen.storyboard; sourceTree = "<group>"; };
		17E923BC2982B56B008B2520 /* Info.plist */ = {isa = PBXFileReference; lastKnownFileType = text.plist.xml; path = Info.plist; sourceTree = "<group>"; };
		17E923C92982BA13008B2520 /* RMLocation.swift */ = {isa = PBXFileReference; lastKnownFileType = sourcecode.swift; path = RMLocation.swift; sourceTree = "<group>"; };
		17E923CB2982BA23008B2520 /* RMCharacter.swift */ = {isa = PBXFileReference; lastKnownFileType = sourcecode.swift; path = RMCharacter.swift; sourceTree = "<group>"; };
		17E923CD2982BA32008B2520 /* RMEpisode.swift */ = {isa = PBXFileReference; lastKnownFileType = sourcecode.swift; path = RMEpisode.swift; sourceTree = "<group>"; };
		17E923D02982BAE4008B2520 /* RMCharacterViewController.swift */ = {isa = PBXFileReference; lastKnownFileType = sourcecode.swift; path = RMCharacterViewController.swift; sourceTree = "<group>"; };
		17E923D22982BC1F008B2520 /* RMLocationViewController.swift */ = {isa = PBXFileReference; lastKnownFileType = sourcecode.swift; path = RMLocationViewController.swift; sourceTree = "<group>"; };
		17E923D42982BC76008B2520 /* RMEpisodeViewController.swift */ = {isa = PBXFileReference; lastKnownFileType = sourcecode.swift; path = RMEpisodeViewController.swift; sourceTree = "<group>"; };
		17E923D62982BCBB008B2520 /* RMSettingViewController.swift */ = {isa = PBXFileReference; lastKnownFileType = sourcecode.swift; path = RMSettingViewController.swift; sourceTree = "<group>"; };
		17E923D829830BD7008B2520 /* RMService.swift */ = {isa = PBXFileReference; lastKnownFileType = sourcecode.swift; path = RMService.swift; sourceTree = "<group>"; };
		17E923DA29830BF7008B2520 /* RMRequest.swift */ = {isa = PBXFileReference; lastKnownFileType = sourcecode.swift; path = RMRequest.swift; sourceTree = "<group>"; };
		17E923DC29830D40008B2520 /* RMEndPoint.swift */ = {isa = PBXFileReference; lastKnownFileType = sourcecode.swift; path = RMEndPoint.swift; sourceTree = "<group>"; };
		17E923DE2983229F008B2520 /* RMOrgin.swift */ = {isa = PBXFileReference; lastKnownFileType = sourcecode.swift; path = RMOrgin.swift; sourceTree = "<group>"; };
		17E923E02983232A008B2520 /* RMSingleLocation.swift */ = {isa = PBXFileReference; lastKnownFileType = sourcecode.swift; path = RMSingleLocation.swift; sourceTree = "<group>"; };
		17E923E2298325FB008B2520 /* RMCharacterStatus.swift */ = {isa = PBXFileReference; lastKnownFileType = sourcecode.swift; path = RMCharacterStatus.swift; sourceTree = "<group>"; };
		17E923E429832650008B2520 /* RMCharacterGender.swift */ = {isa = PBXFileReference; lastKnownFileType = sourcecode.swift; path = RMCharacterGender.swift; sourceTree = "<group>"; };
/* End PBXFileReference section */

/* Begin PBXFrameworksBuildPhase section */
		17E923A82982B56A008B2520 /* Frameworks */ = {
			isa = PBXFrameworksBuildPhase;
			buildActionMask = 2147483647;
			files = (
			);
			runOnlyForDeploymentPostprocessing = 0;
		};
/* End PBXFrameworksBuildPhase section */

/* Begin PBXGroup section */
		17E923A22982B56A008B2520 = {
			isa = PBXGroup;
			children = (
				17E923AD2982B56A008B2520 /* RickAndMorty */,
				17E923AC2982B56A008B2520 /* Products */,
			);
			sourceTree = "<group>";
		};
		17E923AC2982B56A008B2520 /* Products */ = {
			isa = PBXGroup;
			children = (
				17E923AB2982B56A008B2520 /* RickAndMorty.app */,
			);
			name = Products;
			sourceTree = "<group>";
		};
		17E923AD2982B56A008B2520 /* RickAndMorty */ = {
			isa = PBXGroup;
			children = (
				17E923C82982B929008B2520 /* Resources */,
				17E923C72982B919008B2520 /* ApiClient */,
				17E923C62982B90A008B2520 /* Manager */,
				17E923C52982B8F7008B2520 /* ViewModels */,
				17E923C42982B8E9008B2520 /* Views */,
				17E923C32982B8DB008B2520 /* Models */,
				17E923C22982B8C9008B2520 /* Controllers */,
				17E923BC2982B56B008B2520 /* Info.plist */,
			);
			path = RickAndMorty;
			sourceTree = "<group>";
		};
		17E923C22982B8C9008B2520 /* Controllers */ = {
			isa = PBXGroup;
			children = (
				17E923CF2982BAAA008B2520 /* Core */,
				17E923B22982B56A008B2520 /* RMTabViewController.swift */,
			);
			path = Controllers;
			sourceTree = "<group>";
		};
		17E923C32982B8DB008B2520 /* Models */ = {
			isa = PBXGroup;
			children = (
				17E923C92982BA13008B2520 /* RMLocation.swift */,
				17E923DE2983229F008B2520 /* RMOrgin.swift */,
				17E923CB2982BA23008B2520 /* RMCharacter.swift */,
				17E923E2298325FB008B2520 /* RMCharacterStatus.swift */,
				17E923E429832650008B2520 /* RMCharacterGender.swift */,
				17E923E02983232A008B2520 /* RMSingleLocation.swift */,
				17E923CD2982BA32008B2520 /* RMEpisode.swift */,
			);
			path = Models;
			sourceTree = "<group>";
		};
		17E923C42982B8E9008B2520 /* Views */ = {
			isa = PBXGroup;
			children = (
			);
			path = Views;
			sourceTree = "<group>";
		};
		17E923C52982B8F7008B2520 /* ViewModels */ = {
			isa = PBXGroup;
			children = (
			);
			path = ViewModels;
			sourceTree = "<group>";
		};
		17E923C62982B90A008B2520 /* Manager */ = {
			isa = PBXGroup;
			children = (
			);
			path = Manager;
			sourceTree = "<group>";
		};
		17E923C72982B919008B2520 /* ApiClient */ = {
			isa = PBXGroup;
			children = (
				17E923D829830BD7008B2520 /* RMService.swift */,
				17E923DA29830BF7008B2520 /* RMRequest.swift */,
				17E923DC29830D40008B2520 /* RMEndPoint.swift */,
			);
			path = ApiClient;
			sourceTree = "<group>";
		};
		17E923C82982B929008B2520 /* Resources */ = {
			isa = PBXGroup;
			children = (
				17E923AE2982B56A008B2520 /* AppDelegate.swift */,
				17E923B02982B56A008B2520 /* SceneDelegate.swift */,
				17E923B72982B56B008B2520 /* Assets.xcassets */,
				17E923B92982B56B008B2520 /* LaunchScreen.storyboard */,
			);
			path = Resources;
			sourceTree = "<group>";
		};
		17E923CF2982BAAA008B2520 /* Core */ = {
			isa = PBXGroup;
			children = (
				17E923D02982BAE4008B2520 /* RMCharacterViewController.swift */,
				17E923D22982BC1F008B2520 /* RMLocationViewController.swift */,
				17E923D42982BC76008B2520 /* RMEpisodeViewController.swift */,
				17E923D62982BCBB008B2520 /* RMSettingViewController.swift */,
			);
			path = Core;
			sourceTree = "<group>";
		};
/* End PBXGroup section */

/* Begin PBXNativeTarget section */
		17E923AA2982B56A008B2520 /* RickAndMorty */ = {
			isa = PBXNativeTarget;
			buildConfigurationList = 17E923BF2982B56B008B2520 /* Build configuration list for PBXNativeTarget "RickAndMorty" */;
			buildPhases = (
				17E923A72982B56A008B2520 /* Sources */,
				17E923A82982B56A008B2520 /* Frameworks */,
				17E923A92982B56A008B2520 /* Resources */,
			);
			buildRules = (
			);
			dependencies = (
			);
			name = RickAndMorty;
			productName = RickAndMorty;
			productReference = 17E923AB2982B56A008B2520 /* RickAndMorty.app */;
			productType = "com.apple.product-type.application";
		};
/* End PBXNativeTarget section */

/* Begin PBXProject section */
		17E923A32982B56A008B2520 /* Project object */ = {
			isa = PBXProject;
			attributes = {
				BuildIndependentTargetsInParallel = 1;
				LastSwiftUpdateCheck = 1420;
				LastUpgradeCheck = 1420;
				TargetAttributes = {
					17E923AA2982B56A008B2520 = {
						CreatedOnToolsVersion = 14.2;
					};
				};
			};
			buildConfigurationList = 17E923A62982B56A008B2520 /* Build configuration list for PBXProject "RickAndMorty" */;
			compatibilityVersion = "Xcode 14.0";
			developmentRegion = en;
			hasScannedForEncodings = 0;
			knownRegions = (
				en,
				Base,
			);
			mainGroup = 17E923A22982B56A008B2520;
			productRefGroup = 17E923AC2982B56A008B2520 /* Products */;
			projectDirPath = "";
			projectRoot = "";
			targets = (
				17E923AA2982B56A008B2520 /* RickAndMorty */,
			);
		};
/* End PBXProject section */

/* Begin PBXResourcesBuildPhase section */
		17E923A92982B56A008B2520 /* Resources */ = {
			isa = PBXResourcesBuildPhase;
			buildActionMask = 2147483647;
			files = (
				17E923BB2982B56B008B2520 /* LaunchScreen.storyboard in Resources */,
				17E923B82982B56B008B2520 /* Assets.xcassets in Resources */,
			);
			runOnlyForDeploymentPostprocessing = 0;
		};
/* End PBXResourcesBuildPhase section */

/* Begin PBXSourcesBuildPhase section */
		17E923A72982B56A008B2520 /* Sources */ = {
			isa = PBXSourcesBuildPhase;
			buildActionMask = 2147483647;
			files = (
				17E923D32982BC1F008B2520 /* RMLocationViewController.swift in Sources */,
				17E923E12983232A008B2520 /* RMSingleLocation.swift in Sources */,
				17E923E3298325FB008B2520 /* RMCharacterStatus.swift in Sources */,
				17E923E529832650008B2520 /* RMCharacterGender.swift in Sources */,
				17E923CE2982BA32008B2520 /* RMEpisode.swift in Sources */,
				17E923B32982B56A008B2520 /* RMTabViewController.swift in Sources */,
				17E923D52982BC76008B2520 /* RMEpisodeViewController.swift in Sources */,
				17E923D72982BCBB008B2520 /* RMSettingViewController.swift in Sources */,
				17E923AF2982B56A008B2520 /* AppDelegate.swift in Sources */,
				17E923DF2983229F008B2520 /* RMOrgin.swift in Sources */,
				17E923B12982B56A008B2520 /* SceneDelegate.swift in Sources */,
				17E923DD29830D40008B2520 /* RMEndPoint.swift in Sources */,
				17E923D929830BD7008B2520 /* RMService.swift in Sources */,
				17E923CA2982BA13008B2520 /* RMLocation.swift in Sources */,
				17E923CC2982BA23008B2520 /* RMCharacter.swift in Sources */,
				17E923DB29830BF7008B2520 /* RMRequest.swift in Sources */,
				17E923D12982BAE4008B2520 /* RMCharacterViewController.swift in Sources */,
			);
			runOnlyForDeploymentPostprocessing = 0;
		};
/* End PBXSourcesBuildPhase section */

/* Begin PBXVariantGroup section */
		17E923B92982B56B008B2520 /* LaunchScreen.storyboard */ = {
			isa = PBXVariantGroup;
			children = (
				17E923BA2982B56B008B2520 /* Base */,
			);
			name = LaunchScreen.storyboard;
			sourceTree = "<group>";
		};
/* End PBXVariantGroup section */

/* Begin XCBuildConfiguration section */
		17E923BD2982B56B008B2520 /* Debug */ = {
			isa = XCBuildConfiguration;
			buildSettings = {
				ALWAYS_SEARCH_USER_PATHS = NO;
				CLANG_ANALYZER_NONNULL = YES;
				CLANG_ANALYZER_NUMBER_OBJECT_CONVERSION = YES_AGGRESSIVE;
				CLANG_CXX_LANGUAGE_STANDARD = "gnu++20";
				CLANG_ENABLE_MODULES = YES;
				CLANG_ENABLE_OBJC_ARC = YES;
				CLANG_ENABLE_OBJC_WEAK = YES;
				CLANG_WARN_BLOCK_CAPTURE_AUTORELEASING = YES;
				CLANG_WARN_BOOL_CONVERSION = YES;
				CLANG_WARN_COMMA = YES;
				CLANG_WARN_CONSTANT_CONVERSION = YES;
				CLANG_WARN_DEPRECATED_OBJC_IMPLEMENTATIONS = YES;
				CLANG_WARN_DIRECT_OBJC_ISA_USAGE = YES_ERROR;
				CLANG_WARN_DOCUMENTATION_COMMENTS = YES;
				CLANG_WARN_EMPTY_BODY = YES;
				CLANG_WARN_ENUM_CONVERSION = YES;
				CLANG_WARN_INFINITE_RECURSION = YES;
				CLANG_WARN_INT_CONVERSION = YES;
				CLANG_WARN_NON_LITERAL_NULL_CONVERSION = YES;
				CLANG_WARN_OBJC_IMPLICIT_RETAIN_SELF = YES;
				CLANG_WARN_OBJC_LITERAL_CONVERSION = YES;
				CLANG_WARN_OBJC_ROOT_CLASS = YES_ERROR;
				CLANG_WARN_QUOTED_INCLUDE_IN_FRAMEWORK_HEADER = YES;
				CLANG_WARN_RANGE_LOOP_ANALYSIS = YES;
				CLANG_WARN_STRICT_PROTOTYPES = YES;
				CLANG_WARN_SUSPICIOUS_MOVE = YES;
				CLANG_WARN_UNGUARDED_AVAILABILITY = YES_AGGRESSIVE;
				CLANG_WARN_UNREACHABLE_CODE = YES;
				CLANG_WARN__DUPLICATE_METHOD_MATCH = YES;
				COPY_PHASE_STRIP = NO;
				DEBUG_INFORMATION_FORMAT = dwarf;
				ENABLE_STRICT_OBJC_MSGSEND = YES;
				ENABLE_TESTABILITY = YES;
				GCC_C_LANGUAGE_STANDARD = gnu11;
				GCC_DYNAMIC_NO_PIC = NO;
				GCC_NO_COMMON_BLOCKS = YES;
				GCC_OPTIMIZATION_LEVEL = 0;
				GCC_PREPROCESSOR_DEFINITIONS = (
					"DEBUG=1",
					"$(inherited)",
				);
				GCC_WARN_64_TO_32_BIT_CONVERSION = YES;
				GCC_WARN_ABOUT_RETURN_TYPE = YES_ERROR;
				GCC_WARN_UNDECLARED_SELECTOR = YES;
				GCC_WARN_UNINITIALIZED_AUTOS = YES_AGGRESSIVE;
				GCC_WARN_UNUSED_FUNCTION = YES;
				GCC_WARN_UNUSED_VARIABLE = YES;
				IPHONEOS_DEPLOYMENT_TARGET = 16.2;
				MTL_ENABLE_DEBUG_INFO = INCLUDE_SOURCE;
				MTL_FAST_MATH = YES;
				ONLY_ACTIVE_ARCH = YES;
				SDKROOT = iphoneos;
				SWIFT_ACTIVE_COMPILATION_CONDITIONS = DEBUG;
				SWIFT_OPTIMIZATION_LEVEL = "-Onone";
			};
			name = Debug;
		};
		17E923BE2982B56B008B2520 /* Release */ = {
			isa = XCBuildConfiguration;
			buildSettings = {
				ALWAYS_SEARCH_USER_PATHS = NO;
				CLANG_ANALYZER_NONNULL = YES;
				CLANG_ANALYZER_NUMBER_OBJECT_CONVERSION = YES_AGGRESSIVE;
				CLANG_CXX_LANGUAGE_STANDARD = "gnu++20";
				CLANG_ENABLE_MODULES = YES;
				CLANG_ENABLE_OBJC_ARC = YES;
				CLANG_ENABLE_OBJC_WEAK = YES;
				CLANG_WARN_BLOCK_CAPTURE_AUTORELEASING = YES;
				CLANG_WARN_BOOL_CONVERSION = YES;
				CLANG_WARN_COMMA = YES;
				CLANG_WARN_CONSTANT_CONVERSION = YES;
				CLANG_WARN_DEPRECATED_OBJC_IMPLEMENTATIONS = YES;
				CLANG_WARN_DIRECT_OBJC_ISA_USAGE = YES_ERROR;
				CLANG_WARN_DOCUMENTATION_COMMENTS = YES;
				CLANG_WARN_EMPTY_BODY = YES;
				CLANG_WARN_ENUM_CONVERSION = YES;
				CLANG_WARN_INFINITE_RECURSION = YES;
				CLANG_WARN_INT_CONVERSION = YES;
				CLANG_WARN_NON_LITERAL_NULL_CONVERSION = YES;
				CLANG_WARN_OBJC_IMPLICIT_RETAIN_SELF = YES;
				CLANG_WARN_OBJC_LITERAL_CONVERSION = YES;
				CLANG_WARN_OBJC_ROOT_CLASS = YES_ERROR;
				CLANG_WARN_QUOTED_INCLUDE_IN_FRAMEWORK_HEADER = YES;
				CLANG_WARN_RANGE_LOOP_ANALYSIS = YES;
				CLANG_WARN_STRICT_PROTOTYPES = YES;
				CLANG_WARN_SUSPICIOUS_MOVE = YES;
				CLANG_WARN_UNGUARDED_AVAILABILITY = YES_AGGRESSIVE;
				CLANG_WARN_UNREACHABLE_CODE = YES;
				CLANG_WARN__DUPLICATE_METHOD_MATCH = YES;
				COPY_PHASE_STRIP = NO;
				DEBUG_INFORMATION_FORMAT = "dwarf-with-dsym";
				ENABLE_NS_ASSERTIONS = NO;
				ENABLE_STRICT_OBJC_MSGSEND = YES;
				GCC_C_LANGUAGE_STANDARD = gnu11;
				GCC_NO_COMMON_BLOCKS = YES;
				GCC_WARN_64_TO_32_BIT_CONVERSION = YES;
				GCC_WARN_ABOUT_RETURN_TYPE = YES_ERROR;
				GCC_WARN_UNDECLARED_SELECTOR = YES;
				GCC_WARN_UNINITIALIZED_AUTOS = YES_AGGRESSIVE;
				GCC_WARN_UNUSED_FUNCTION = YES;
				GCC_WARN_UNUSED_VARIABLE = YES;
				IPHONEOS_DEPLOYMENT_TARGET = 16.2;
				MTL_ENABLE_DEBUG_INFO = NO;
				MTL_FAST_MATH = YES;
				SDKROOT = iphoneos;
				SWIFT_COMPILATION_MODE = wholemodule;
				SWIFT_OPTIMIZATION_LEVEL = "-O";
				VALIDATE_PRODUCT = YES;
			};
			name = Release;
		};
		17E923C02982B56B008B2520 /* Debug */ = {
			isa = XCBuildConfiguration;
			buildSettings = {
				ASSETCATALOG_COMPILER_APPICON_NAME = AppIcon;
				ASSETCATALOG_COMPILER_GLOBAL_ACCENT_COLOR_NAME = AccentColor;
				CODE_SIGN_STYLE = Automatic;
				CURRENT_PROJECT_VERSION = 1;
				GENERATE_INFOPLIST_FILE = YES;
				INFOPLIST_FILE = RickAndMorty/Info.plist;
				INFOPLIST_KEY_UIApplicationSupportsIndirectInputEvents = YES;
				INFOPLIST_KEY_UILaunchStoryboardName = LaunchScreen;
				INFOPLIST_KEY_UISupportedInterfaceOrientations_iPad = "UIInterfaceOrientationPortrait UIInterfaceOrientationPortraitUpsideDown UIInterfaceOrientationLandscapeLeft UIInterfaceOrientationLandscapeRight";
				INFOPLIST_KEY_UISupportedInterfaceOrientations_iPhone = "UIInterfaceOrientationPortrait UIInterfaceOrientationLandscapeLeft UIInterfaceOrientationLandscapeRight";
				IPHONEOS_DEPLOYMENT_TARGET = 15.4;
				LD_RUNPATH_SEARCH_PATHS = (
					"$(inherited)",
					"@executable_path/Frameworks",
				);
				MARKETING_VERSION = 1.0;
				PRODUCT_BUNDLE_IDENTIFIER = RickAndMorty.RickAndMorty;
				PRODUCT_NAME = "$(TARGET_NAME)";
				SWIFT_EMIT_LOC_STRINGS = YES;
				SWIFT_VERSION = 5.0;
				TARGETED_DEVICE_FAMILY = "1,2";
			};
			name = Debug;
		};
		17E923C12982B56B008B2520 /* Release */ = {
			isa = XCBuildConfiguration;
			buildSettings = {
				ASSETCATALOG_COMPILER_APPICON_NAME = AppIcon;
				ASSETCATALOG_COMPILER_GLOBAL_ACCENT_COLOR_NAME = AccentColor;
				CODE_SIGN_STYLE = Automatic;
				CURRENT_PROJECT_VERSION = 1;
				GENERATE_INFOPLIST_FILE = YES;
				INFOPLIST_FILE = RickAndMorty/Info.plist;
				INFOPLIST_KEY_UIApplicationSupportsIndirectInputEvents = YES;
				INFOPLIST_KEY_UILaunchStoryboardName = LaunchScreen;
				INFOPLIST_KEY_UISupportedInterfaceOrientations_iPad = "UIInterfaceOrientationPortrait UIInterfaceOrientationPortraitUpsideDown UIInterfaceOrientationLandscapeLeft UIInterfaceOrientationLandscapeRight";
				INFOPLIST_KEY_UISupportedInterfaceOrientations_iPhone = "UIInterfaceOrientationPortrait UIInterfaceOrientationLandscapeLeft UIInterfaceOrientationLandscapeRight";
				IPHONEOS_DEPLOYMENT_TARGET = 15.4;
				LD_RUNPATH_SEARCH_PATHS = (
					"$(inherited)",
					"@executable_path/Frameworks",
				);
				MARKETING_VERSION = 1.0;
				PRODUCT_BUNDLE_IDENTIFIER = RickAndMorty.RickAndMorty;
				PRODUCT_NAME = "$(TARGET_NAME)";
				SWIFT_EMIT_LOC_STRINGS = YES;
				SWIFT_VERSION = 5.0;
				TARGETED_DEVICE_FAMILY = "1,2";
			};
			name = Release;
		};
/* End XCBuildConfiguration section */

/* Begin XCConfigurationList section */
		17E923A62982B56A008B2520 /* Build configuration list for PBXProject "RickAndMorty" */ = {
			isa = XCConfigurationList;
			buildConfigurations = (
				17E923BD2982B56B008B2520 /* Debug */,
				17E923BE2982B56B008B2520 /* Release */,
			);
			defaultConfigurationIsVisible = 0;
			defaultConfigurationName = Release;
		};
		17E923BF2982B56B008B2520 /* Build configuration list for PBXNativeTarget "RickAndMorty" */ = {
			isa = XCConfigurationList;
			buildConfigurations = (
				17E923C02982B56B008B2520 /* Debug */,
				17E923C12982B56B008B2520 /* Release */,
			);
			defaultConfigurationIsVisible = 0;
			defaultConfigurationName = Release;
		};
/* End XCConfigurationList section */
	};
	rootObject = 17E923A32982B56A008B2520 /* Project object */;
}
